
Microsoft Visual Studio Solution File, Format Version 12.00
# Visual Studio Version 17
VisualStudioVersion = 17.9.34728.123
MinimumVisualStudioVersion = 10.0.40219.1
Project("{FAE04EC0-301F-11D3-BF4B-00C04F79EFBC}") = "MyPortfolio", "MyPortfolio\MyPortfolio.csproj", "{55A15603-C125-4D9C-9D3A-DA9F6B0142AF}"
EndProject
Global
	GlobalSection(SolutionConfigurationPlatforms) = preSolution
		Debug|Any CPU = Debug|Any CPU
		Release|Any CPU = Release|Any CPU
	EndGlobalSection
	GlobalSection(ProjectConfigurationPlatforms) = postSolution
		{55A15603-C125-4D9C-9D3A-DA9F6B0142AF}.Debug|Any CPU.ActiveCfg = Debug|Any CPU
		{55A15603-C125-4D9C-9D3A-DA9F6B0142AF}.Debug|Any CPU.Build.0 = Debug|Any CPU
		{55A15603-C125-4D9C-9D3A-DA9F6B0142AF}.Release|Any CPU.ActiveCfg = Release|Any CPU
		{55A15603-C125-4D9C-9D3A-DA9F6B0142AF}.Release|Any CPU.Build.0 = Release|Any CPU
	EndGlobalSection
	GlobalSection(SolutionProperties) = preSolution
		HideSolutionNode = FALSE
	EndGlobalSection
	GlobalSection(ExtensibilityGlobals) = postSolution
		SolutionGuid = {41974449-A0C0-439C-A241-0562E64807A4}
	EndGlobalSection
EndGlobal
